
Microsoft Visual Studio Solution File, Format Version 12.00
# Visual Studio 15
VisualStudioVersion = 15.0.27130.2026
MinimumVisualStudioVersion = 10.0.40219.1
Project("{9A19103F-16F7-4668-BE54-9A1E7A4F7556}") = "FiniteStateMachine", "FiniteStateMachine\FiniteStateMachine.csproj", "{CF17F740-39AE-489B-B600-523C4C894729}"
EndProject
Project("{9A19103F-16F7-4668-BE54-9A1E7A4F7556}") = "FiniteStateMachine.Example", "FiniteStateMachine.Example\FiniteStateMachine.Example.csproj", "{01E66BAD-7F11-4894-A086-2D6C70B72A60}"
EndProject
Global
	GlobalSection(SolutionConfigurationPlatforms) = preSolution
		Debug|Any CPU = Debug|Any CPU
		Release|Any CPU = Release|Any CPU
	EndGlobalSection
	GlobalSection(ProjectConfigurationPlatforms) = postSolution
		{CF17F740-39AE-489B-B600-523C4C894729}.Debug|Any CPU.ActiveCfg = Debug|Any CPU
		{CF17F740-39AE-489B-B600-523C4C894729}.Debug|Any CPU.Build.0 = Debug|Any CPU
		{CF17F740-39AE-489B-B600-523C4C894729}.Release|Any CPU.ActiveCfg = Release|Any CPU
		{CF17F740-39AE-489B-B600-523C4C894729}.Release|Any CPU.Build.0 = Release|Any CPU
		{01E66BAD-7F11-4894-A086-2D6C70B72A60}.Debug|Any CPU.ActiveCfg = Debug|Any CPU
		{01E66BAD-7F11-4894-A086-2D6C70B72A60}.Debug|Any CPU.Build.0 = Debug|Any CPU
		{01E66BAD-7F11-4894-A086-2D6C70B72A60}.Release|Any CPU.ActiveCfg = Release|Any CPU
		{01E66BAD-7F11-4894-A086-2D6C70B72A60}.Release|Any CPU.Build.0 = Release|Any CPU
	EndGlobalSection
	GlobalSection(SolutionProperties) = preSolution
		HideSolutionNode = FALSE
	EndGlobalSection
	GlobalSection(ExtensibilityGlobals) = postSolution
		SolutionGuid = {20F264AD-613D-44D8-9FFC-06E853ED86AC}
	EndGlobalSection
EndGlobal
